Microsoft Visual Studio Solution File, Format Version 11.00
# Visual Studio 2008

Project("{6C120C33-77B2-DE01-5E13-C00E8834DFCA}") = "Adventurer Seeks Siberian Refuge", "Assembly-CSharp.csproj", "{60DB7431-B7F5-83AB-ECE1-54A80C6191EA}"
EndProject
Global
	GlobalSection(SolutionConfigurationPlatforms) = preSolution
		Debug|Any CPU = Debug|Any CPU
		Release|Any CPU = Release|Any CPU
	EndGlobalSection
	GlobalSection(ProjectConfigurationPlatforms) = postSolution
		{60DB7431-B7F5-83AB-ECE1-54A80C6191EA}.Debug|Any CPU.ActiveCfg = Debug|Any CPU
		{60DB7431-B7F5-83AB-ECE1-54A80C6191EA}.Debug|Any CPU.Build.0 = Debug|Any CPU
		{60DB7431-B7F5-83AB-ECE1-54A80C6191EA}.Release|Any CPU.ActiveCfg = Release|Any CPU
		{60DB7431-B7F5-83AB-ECE1-54A80C6191EA}.Release|Any CPU.Build.0 = Release|Any CPU
	EndGlobalSection
	GlobalSection(SolutionProperties) = preSolution
		HideSolutionNode = FALSE
	EndGlobalSection
	GlobalSection(MonoDevelopProperties) = preSolution
		StartupItem = Assembly-CSharp.csproj
	EndGlobalSection
EndGlobal
